
Microsoft Visual Studio Solution File, Format Version 12.00
# Visual Studio 15
VisualStudioVersion = 15.0.27004.2010
MinimumVisualStudioVersion = 10.0.40219.1
Project("{FAE04EC0-301F-11D3-BF4B-00C04F79EFBC}") = "CSharp_KataRPNCalculator", "CSharp_KataRPNCalculator\CSharp_KataRPNCalculator.csproj", "{AEC731DB-5C8C-4A98-ABE6-950EFEAB687E}"
EndProject
Global
	GlobalSection(SolutionConfigurationPlatforms) = preSolution
		Debug|Any CPU = Debug|Any CPU
		Release|Any CPU = Release|Any CPU
	EndGlobalSection
	GlobalSection(ProjectConfigurationPlatforms) = postSolution
		{AEC731DB-5C8C-4A98-ABE6-950EFEAB687E}.Debug|Any CPU.ActiveCfg = Debug|Any CPU
		{AEC731DB-5C8C-4A98-ABE6-950EFEAB687E}.Debug|Any CPU.Build.0 = Debug|Any CPU
		{AEC731DB-5C8C-4A98-ABE6-950EFEAB687E}.Release|Any CPU.ActiveCfg = Release|Any CPU
		{AEC731DB-5C8C-4A98-ABE6-950EFEAB687E}.Release|Any CPU.Build.0 = Release|Any CPU
	EndGlobalSection
	GlobalSection(SolutionProperties) = preSolution
		HideSolutionNode = FALSE
	EndGlobalSection
	GlobalSection(ExtensibilityGlobals) = postSolution
		SolutionGuid = {92359AD9-745F-4BBC-844F-9445487A9066}
	EndGlobalSection
EndGlobal
